
Microsoft Visual Studio Solution File, Format Version 12.00
# Visual Studio Version 17
VisualStudioVersion = 17.3.32929.385
MinimumVisualStudioVersion = 10.0.40219.1
Project("{FAE04EC0-301F-11D3-BF4B-00C04F79EFBC}") = "Fantasy Football API", "Fantasy Football API\Fantasy Football API.csproj", "{5AC94986-562E-496D-852A-2AEFDCCC58F7}"
EndProject
Global
	GlobalSection(SolutionConfigurationPlatforms) = preSolution
		Debug|Any CPU = Debug|Any CPU
		Release|Any CPU = Release|Any CPU
	EndGlobalSection
	GlobalSection(ProjectConfigurationPlatforms) = postSolution
		{5AC94986-562E-496D-852A-2AEFDCCC58F7}.Debug|Any CPU.ActiveCfg = Debug|Any CPU
		{5AC94986-562E-496D-852A-2AEFDCCC58F7}.Debug|Any CPU.Build.0 = Debug|Any CPU
		{5AC94986-562E-496D-852A-2AEFDCCC58F7}.Release|Any CPU.ActiveCfg = Release|Any CPU
		{5AC94986-562E-496D-852A-2AEFDCCC58F7}.Release|Any CPU.Build.0 = Release|Any CPU
	EndGlobalSection
	GlobalSection(SolutionProperties) = preSolution
		HideSolutionNode = FALSE
	EndGlobalSection
	GlobalSection(ExtensibilityGlobals) = postSolution
		SolutionGuid = {8D1FD677-BA72-4139-AACE-EABD1ADD0F1F}
	EndGlobalSection
EndGlobal
